
Microsoft Visual Studio Solution File, Format Version 12.00
# Visual Studio Version 17
VisualStudioVersion = 17.11.35303.130
MinimumVisualStudioVersion = 10.0.40219.1
Project("{9A19103F-16F7-4668-BE54-9A1E7A4F7556}") = "arjun hafizd meiansyah", "arjun hafizd meiansyah\arjun hafizd meiansyah.csproj", "{24F709A5-BD8F-418D-9FF0-79E01F7098FA}"
EndProject
Global
	GlobalSection(SolutionConfigurationPlatforms) = preSolution
		Debug|Any CPU = Debug|Any CPU
		Release|Any CPU = Release|Any CPU
	EndGlobalSection
	GlobalSection(ProjectConfigurationPlatforms) = postSolution
		{24F709A5-BD8F-418D-9FF0-79E01F7098FA}.Debug|Any CPU.ActiveCfg = Debug|Any CPU
		{24F709A5-BD8F-418D-9FF0-79E01F7098FA}.Debug|Any CPU.Build.0 = Debug|Any CPU
		{24F709A5-BD8F-418D-9FF0-79E01F7098FA}.Release|Any CPU.ActiveCfg = Release|Any CPU
		{24F709A5-BD8F-418D-9FF0-79E01F7098FA}.Release|Any CPU.Build.0 = Release|Any CPU
	EndGlobalSection
	GlobalSection(SolutionProperties) = preSolution
		HideSolutionNode = FALSE
	EndGlobalSection
	GlobalSection(ExtensibilityGlobals) = postSolution
		SolutionGuid = {1E56FCB4-AC24-415D-B083-6B8F9002DAC3}
	EndGlobalSection
EndGlobal
